
Microsoft Visual Studio Solution File, Format Version 12.00
# Visual Studio Version 17
VisualStudioVersion = 17.2.32516.85
MinimumVisualStudioVersion = 10.0.40219.1
Project("{FAE04EC0-301F-11D3-BF4B-00C04F79EFBC}") = "CreatureCreator", "CreatureCreator\CreatureCreator.csproj", "{792C9CBB-3148-4053-9647-8468693422DE}"
EndProject
Global
	GlobalSection(SolutionConfigurationPlatforms) = preSolution
		Debug|Any CPU = Debug|Any CPU
		Release|Any CPU = Release|Any CPU
	EndGlobalSection
	GlobalSection(ProjectConfigurationPlatforms) = postSolution
		{792C9CBB-3148-4053-9647-8468693422DE}.Debug|Any CPU.ActiveCfg = Debug|Any CPU
		{792C9CBB-3148-4053-9647-8468693422DE}.Debug|Any CPU.Build.0 = Debug|Any CPU
		{792C9CBB-3148-4053-9647-8468693422DE}.Release|Any CPU.ActiveCfg = Release|Any CPU
		{792C9CBB-3148-4053-9647-8468693422DE}.Release|Any CPU.Build.0 = Release|Any CPU
	EndGlobalSection
	GlobalSection(SolutionProperties) = preSolution
		HideSolutionNode = FALSE
	EndGlobalSection
	GlobalSection(ExtensibilityGlobals) = postSolution
		SolutionGuid = {9164DDB1-7F33-41A4-BB9C-492A4BCD1B55}
	EndGlobalSection
EndGlobal
